
Microsoft Visual Studio Solution File, Format Version 12.00
# Visual Studio Version 16
VisualStudioVersion = 16.0.29209.62
MinimumVisualStudioVersion = 10.0.40219.1
Project("{9A19103F-16F7-4668-BE54-9A1E7A4F7556}") = "Zlib.Portable.Tests", "Zlib.Portable.Tests\Zlib.Portable.Tests.csproj", "{047A98B2-BC96-41B4-ADD8-2167FB1B6502}"
EndProject
Project("{9A19103F-16F7-4668-BE54-9A1E7A4F7556}") = "Zlib.Portable", "Zlib.Portable\Zlib.Portable.csproj", "{3780DA16-D1F1-4750-A1DA-17BB3FA23838}"
EndProject
Global
	GlobalSection(SolutionConfigurationPlatforms) = preSolution
		Debug|Any CPU = Debug|Any CPU
		Release|Any CPU = Release|Any CPU
		Release-Signed|Any CPU = Release-Signed|Any CPU
	EndGlobalSection
	GlobalSection(ProjectConfigurationPlatforms) = postSolution
		{047A98B2-BC96-41B4-ADD8-2167FB1B6502}.Debug|Any CPU.ActiveCfg = Debug|Any CPU
		{047A98B2-BC96-41B4-ADD8-2167FB1B6502}.Debug|Any CPU.Build.0 = Debug|Any CPU
		{047A98B2-BC96-41B4-ADD8-2167FB1B6502}.Release|Any CPU.ActiveCfg = Release|Any CPU
		{047A98B2-BC96-41B4-ADD8-2167FB1B6502}.Release|Any CPU.Build.0 = Release|Any CPU
		{047A98B2-BC96-41B4-ADD8-2167FB1B6502}.Release-Signed|Any CPU.ActiveCfg = Release|Any CPU
		{047A98B2-BC96-41B4-ADD8-2167FB1B6502}.Release-Signed|Any CPU.Build.0 = Release|Any CPU
		{3780DA16-D1F1-4750-A1DA-17BB3FA23838}.Debug|Any CPU.ActiveCfg = Debug|Any CPU
		{3780DA16-D1F1-4750-A1DA-17BB3FA23838}.Debug|Any CPU.Build.0 = Debug|Any CPU
		{3780DA16-D1F1-4750-A1DA-17BB3FA23838}.Release|Any CPU.ActiveCfg = Release|Any CPU
		{3780DA16-D1F1-4750-A1DA-17BB3FA23838}.Release|Any CPU.Build.0 = Release|Any CPU
		{3780DA16-D1F1-4750-A1DA-17BB3FA23838}.Release-Signed|Any CPU.ActiveCfg = Release|Any CPU
		{3780DA16-D1F1-4750-A1DA-17BB3FA23838}.Release-Signed|Any CPU.Build.0 = Release|Any CPU
	EndGlobalSection
	GlobalSection(SolutionProperties) = preSolution
		HideSolutionNode = FALSE
	EndGlobalSection
	GlobalSection(ExtensibilityGlobals) = postSolution
		SolutionGuid = {092F9783-5F25-4D60-BD81-EAEA0E917261}
	EndGlobalSection
EndGlobal
